
Microsoft Visual Studio Solution File, Format Version 12.00
# Visual Studio Version 16
VisualStudioVersion = 16.0.30907.101
MinimumVisualStudioVersion = 10.0.40219.1
Project("{FAE04EC0-301F-11D3-BF4B-00C04F79EFBC}") = "UserMenu", "UserMenu.csproj", "{4E43E1DB-73C3-4C0B-AD21-023A4B65B32E}"
EndProject
Global
	GlobalSection(SolutionConfigurationPlatforms) = preSolution
		Debug|Any CPU = Debug|Any CPU
		Release|Any CPU = Release|Any CPU
	EndGlobalSection
	GlobalSection(ProjectConfigurationPlatforms) = postSolution
		{4E43E1DB-73C3-4C0B-AD21-023A4B65B32E}.Debug|Any CPU.ActiveCfg = Debug|Any CPU
		{4E43E1DB-73C3-4C0B-AD21-023A4B65B32E}.Debug|Any CPU.Build.0 = Debug|Any CPU
		{4E43E1DB-73C3-4C0B-AD21-023A4B65B32E}.Release|Any CPU.ActiveCfg = Release|Any CPU
		{4E43E1DB-73C3-4C0B-AD21-023A4B65B32E}.Release|Any CPU.Build.0 = Release|Any CPU
	EndGlobalSection
	GlobalSection(SolutionProperties) = preSolution
		HideSolutionNode = FALSE
	EndGlobalSection
	GlobalSection(ExtensibilityGlobals) = postSolution
		SolutionGuid = {33AC6972-49E6-4F6A-AAAA-6FC66DC462BD}
	EndGlobalSection
EndGlobal
